
Microsoft Visual Studio Solution File, Format Version 12.00
# Visual Studio Version 16
VisualStudioVersion = 16.0.31515.178
MinimumVisualStudioVersion = 10.0.40219.1
Project("{FAE04EC0-301F-11D3-BF4B-00C04F79EFBC}") = "DaprFrontEnd", "DaprFrontEnd\DaprFrontEnd.csproj", "{B407DA8C-D835-44BD-8DD5-756B3E99F2D7}"
EndProject
Project("{FAE04EC0-301F-11D3-BF4B-00C04F79EFBC}") = "DaprBackEnd", "DaprBackEnd\DaprBackEnd.csproj", "{460E68BA-9B7B-4285-ACCF-606E1836B154}"
EndProject
Project("{E53339B2-1760-4266-BCC7-CA923CBCF16C}") = "docker-compose", "docker-compose.dcproj", "{44A5045C-0B95-4EF1-BFAC-42DE0E4DBD8F}"
EndProject
Global
	GlobalSection(SolutionConfigurationPlatforms) = preSolution
		Debug|Any CPU = Debug|Any CPU
		Release|Any CPU = Release|Any CPU
	EndGlobalSection
	GlobalSection(ProjectConfigurationPlatforms) = postSolution
		{B407DA8C-D835-44BD-8DD5-756B3E99F2D7}.Debug|Any CPU.ActiveCfg = Debug|Any CPU
		{B407DA8C-D835-44BD-8DD5-756B3E99F2D7}.Debug|Any CPU.Build.0 = Debug|Any CPU
		{B407DA8C-D835-44BD-8DD5-756B3E99F2D7}.Release|Any CPU.ActiveCfg = Release|Any CPU
		{B407DA8C-D835-44BD-8DD5-756B3E99F2D7}.Release|Any CPU.Build.0 = Release|Any CPU
		{460E68BA-9B7B-4285-ACCF-606E1836B154}.Debug|Any CPU.ActiveCfg = Debug|Any CPU
		{460E68BA-9B7B-4285-ACCF-606E1836B154}.Debug|Any CPU.Build.0 = Debug|Any CPU
		{460E68BA-9B7B-4285-ACCF-606E1836B154}.Release|Any CPU.ActiveCfg = Release|Any CPU
		{460E68BA-9B7B-4285-ACCF-606E1836B154}.Release|Any CPU.Build.0 = Release|Any CPU
		{44A5045C-0B95-4EF1-BFAC-42DE0E4DBD8F}.Debug|Any CPU.ActiveCfg = Debug|Any CPU
		{44A5045C-0B95-4EF1-BFAC-42DE0E4DBD8F}.Debug|Any CPU.Build.0 = Debug|Any CPU
		{44A5045C-0B95-4EF1-BFAC-42DE0E4DBD8F}.Release|Any CPU.ActiveCfg = Release|Any CPU
		{44A5045C-0B95-4EF1-BFAC-42DE0E4DBD8F}.Release|Any CPU.Build.0 = Release|Any CPU
	EndGlobalSection
	GlobalSection(SolutionProperties) = preSolution
		HideSolutionNode = FALSE
	EndGlobalSection
	GlobalSection(ExtensibilityGlobals) = postSolution
		SolutionGuid = {E691E9C4-BC86-4733-A26C-22C1ED46A97B}
	EndGlobalSection
EndGlobal
